
Microsoft Visual Studio Solution File, Format Version 12.00
# Visual Studio Version 16
VisualStudioVersion = 16.0.31624.102
MinimumVisualStudioVersion = 10.0.40219.1
Project("{FAE04EC0-301F-11D3-BF4B-00C04F79EFBC}") = "Patrones-Visitor", "Patrones-Visitor\Patrones-Visitor.csproj", "{01E375EB-EFB9-4FC6-9E54-84BCAB641325}"
EndProject
Global
	GlobalSection(SolutionConfigurationPlatforms) = preSolution
		Debug|Any CPU = Debug|Any CPU
		Release|Any CPU = Release|Any CPU
	EndGlobalSection
	GlobalSection(ProjectConfigurationPlatforms) = postSolution
		{01E375EB-EFB9-4FC6-9E54-84BCAB641325}.Debug|Any CPU.ActiveCfg = Debug|Any CPU
		{01E375EB-EFB9-4FC6-9E54-84BCAB641325}.Debug|Any CPU.Build.0 = Debug|Any CPU
		{01E375EB-EFB9-4FC6-9E54-84BCAB641325}.Release|Any CPU.ActiveCfg = Release|Any CPU
		{01E375EB-EFB9-4FC6-9E54-84BCAB641325}.Release|Any CPU.Build.0 = Release|Any CPU
	EndGlobalSection
	GlobalSection(SolutionProperties) = preSolution
		HideSolutionNode = FALSE
	EndGlobalSection
	GlobalSection(ExtensibilityGlobals) = postSolution
		SolutionGuid = {854BF2CE-5EC5-4C32-A190-15EA227937B8}
	EndGlobalSection
EndGlobal
